
Microsoft Visual Studio Solution File, Format Version 12.00
# Visual Studio 15
VisualStudioVersion = 15.0.27130.2010
MinimumVisualStudioVersion = 10.0.40219.1
Project("{FAE04EC0-301F-11D3-BF4B-00C04F79EFBC}") = "InheritanceApp", "InheritanceApp\InheritanceApp.csproj", "{745C80F8-D67C-429B-AEC1-0B6811F5D8BC}"
EndProject
Global
	GlobalSection(SolutionConfigurationPlatforms) = preSolution
		Debug|Any CPU = Debug|Any CPU
		Release|Any CPU = Release|Any CPU
	EndGlobalSection
	GlobalSection(ProjectConfigurationPlatforms) = postSolution
		{745C80F8-D67C-429B-AEC1-0B6811F5D8BC}.Debug|Any CPU.ActiveCfg = Debug|Any CPU
		{745C80F8-D67C-429B-AEC1-0B6811F5D8BC}.Debug|Any CPU.Build.0 = Debug|Any CPU
		{745C80F8-D67C-429B-AEC1-0B6811F5D8BC}.Release|Any CPU.ActiveCfg = Release|Any CPU
		{745C80F8-D67C-429B-AEC1-0B6811F5D8BC}.Release|Any CPU.Build.0 = Release|Any CPU
	EndGlobalSection
	GlobalSection(SolutionProperties) = preSolution
		HideSolutionNode = FALSE
	EndGlobalSection
	GlobalSection(ExtensibilityGlobals) = postSolution
		SolutionGuid = {D78249E5-AC7B-4976-9F1B-E262F1B2B590}
	EndGlobalSection
EndGlobal
